# THIS IS AN AUTOGENERATED FILE. DO NOT EDIT THIS FILE DIRECTLY.
# yarn lockfile v1


node-fetch@^2.1.2:
  version "2.1.2"
  resolved "https://registry.yarnpkg.com/node-fetch/-/node-fetch-2.1.2.tgz#ab884e8e7e57e38a944753cec706f788d1768bb5"

vindec-validator@^1.1.0:
  version "1.1.0"
  resolved "https://registry.yarnpkg.com/vindec-validator/-/vindec-validator-1.1.0.tgz#7b7514e7fa3591bb28dff9fc3ef7882391f82e59"
